
Microsoft Visual Studio Solution File, Format Version 12.00
# Visual Studio 15
VisualStudioVersion = 15.0.28307.271
MinimumVisualStudioVersion = 10.0.40219.1
Project("{8BC9CEB8-8B4A-11D0-8D11-00A0C91BC942}") = "RDT3", "RDT3\RDT3.vcxproj", "{2B2B6D43-C939-41B6-96C6-6F5503E16E8D}"
EndProject
Global
	GlobalSection(SolutionConfigurationPlatforms) = preSolution
		Debug|x64 = Debug|x64
		Debug|x86 = Debug|x86
		Release|x64 = Release|x64
		Release|x86 = Release|x86
	EndGlobalSection
	GlobalSection(ProjectConfigurationPlatforms) = postSolution
		{2B2B6D43-C939-41B6-96C6-6F5503E16E8D}.Debug|x64.ActiveCfg = Debug|x64
		{2B2B6D43-C939-41B6-96C6-6F5503E16E8D}.Debug|x64.Build.0 = Debug|x64
		{2B2B6D43-C939-41B6-96C6-6F5503E16E8D}.Debug|x86.ActiveCfg = Debug|Win32
		{2B2B6D43-C939-41B6-96C6-6F5503E16E8D}.Debug|x86.Build.0 = Debug|Win32
		{2B2B6D43-C939-41B6-96C6-6F5503E16E8D}.Release|x64.ActiveCfg = Release|x64
		{2B2B6D43-C939-41B6-96C6-6F5503E16E8D}.Release|x64.Build.0 = Release|x64
		{2B2B6D43-C939-41B6-96C6-6F5503E16E8D}.Release|x86.ActiveCfg = Release|Win32
		{2B2B6D43-C939-41B6-96C6-6F5503E16E8D}.Release|x86.Build.0 = Release|Win32
	EndGlobalSection
	GlobalSection(SolutionProperties) = preSolution
		HideSolutionNode = FALSE
	EndGlobalSection
	GlobalSection(ExtensibilityGlobals) = postSolution
		SolutionGuid = {DBA4C618-32E8-4A4C-A360-3279FEC1E9AC}
	EndGlobalSection
EndGlobal
